// !$*UTF8*$!
{
	archiveVersion = 1;
	classes = {
	};
	objectVersion = 52;
	objects = {

/* Begin PBXBuildFile section */
		7C0675792492C6F80076D0AC /* StationAnnotation.swift in Sources */ = {isa = PBXBuildFile; fileRef = 7C0675782492C6F80076D0AC /* StationAnnotation.swift */; };
		7C12C7672481BB1F00DBEB1B /* StationTableViewCell.swift in Sources */ = {isa = PBXBuildFile; fileRef = 7C12C7662481BB1F00DBEB1B /* StationTableViewCell.swift */; };
		7C1453D224882A6B00C48237 /* SettingsViewController.swift in Sources */ = {isa = PBXBuildFile; fileRef = 7C1453D124882A6B00C48237 /* SettingsViewController.swift */; };
		7C1453D82489AC8800C48237 /* StationsMapViewController.swift in Sources */ = {isa = PBXBuildFile; fileRef = 7C1453D72489AC8800C48237 /* StationsMapViewController.swift */; };
		7C177F49247DD4DE00D965EA /* Assets.xcassets in Resources */ = {isa = PBXBuildFile; fileRef = 7C177F48247DD4DE00D965EA /* Assets.xcassets */; };
		7C225998246F45EA002C1848 /* TrackingStation.swift in Sources */ = {isa = PBXBuildFile; fileRef = 7CA81FB9246F3B0D000778A1 /* TrackingStation.swift */; };
		7C225999246F45ED002C1848 /* TrackingStations.swift in Sources */ = {isa = PBXBuildFile; fileRef = 7CA81FBB246F3C98000778A1 /* TrackingStations.swift */; };
		7C7CEF30247472D3002E39D5 /* GUAM.jpg in Resources */ = {isa = PBXBuildFile; fileRef = 7C7CEF29247472D2002E39D5 /* GUAM.jpg */; };
		7C7CEF31247472D3002E39D5 /* COOK.jpg in Resources */ = {isa = PBXBuildFile; fileRef = 7C7CEF2A247472D3002E39D5 /* COOK.jpg */; };
		7C7CEF32247472D3002E39D5 /* POGO.jpg in Resources */ = {isa = PBXBuildFile; fileRef = 7C7CEF2B247472D3002E39D5 /* POGO.jpg */; };
		7C7CEF33247472D3002E39D5 /* REEF.jpg in Resources */ = {isa = PBXBuildFile; fileRef = 7C7CEF2C247472D3002E39D5 /* REEF.jpg */; };
		7C7CEF34247472D3002E39D5 /* LION.jpg in Resources */ = {isa = PBXBuildFile; fileRef = 7C7CEF2D247472D3002E39D5 /* LION.jpg */; };
		7C7CEF35247472D3002E39D5 /* BOSS.jpg in Resources */ = {isa = PBXBuildFile; fileRef = 7C7CEF2E247472D3002E39D5 /* BOSS.jpg */; };
		7C7CEF36247472D3002E39D5 /* HULA.jpg in Resources */ = {isa = PBXBuildFile; fileRef = 7C7CEF2F247472D3002E39D5 /* HULA.jpg */; };
		7CA6A4FC246357EA00177F87 /* AppDelegate.swift in Sources */ = {isa = PBXBuildFile; fileRef = 7CA6A4FB246357EA00177F87 /* AppDelegate.swift */; };
		7CA6A4FE246357EA00177F87 /* SceneDelegate.swift in Sources */ = {isa = PBXBuildFile; fileRef = 7CA6A4FD246357EA00177F87 /* SceneDelegate.swift */; };
		7CA6A500246357EA00177F87 /* StationsTableViewController.swift in Sources */ = {isa = PBXBuildFile; fileRef = 7CA6A4FF246357EA00177F87 /* StationsTableViewController.swift */; };
		7CA6A502246357EA00177F87 /* StationDetailViewController.swift in Sources */ = {isa = PBXBuildFile; fileRef = 7CA6A501246357EA00177F87 /* StationDetailViewController.swift */; };
		7CA6A505246357EA00177F87 /* Main.storyboard in Resources */ = {isa = PBXBuildFile; fileRef = 7CA6A503246357EA00177F87 /* Main.storyboard */; };
		7CA6A50A246357EB00177F87 /* LaunchScreen.storyboard in Resources */ = {isa = PBXBuildFile; fileRef = 7CA6A508246357EB00177F87 /* LaunchScreen.storyboard */; };
		7CDE86712507EBFA00DBBEA5 /* AstroSwiftFoundation in Frameworks */ = {isa = PBXBuildFile; productRef = 7CDE86702507EBFA00DBBEA5 /* AstroSwiftFoundation */; };
/* End PBXBuildFile section */

/* Begin PBXFileReference section */
		7C0675782492C6F80076D0AC /* StationAnnotation.swift */ = {isa = PBXFileReference; lastKnownFileType = sourcecode.swift; path = StationAnnotation.swift; sourceTree = "<group>"; };
		7C12C7662481BB1F00DBEB1B /* StationTableViewCell.swift */ = {isa = PBXFileReference; lastKnownFileType = sourcecode.swift; path = StationTableViewCell.swift; sourceTree = "<group>"; };
		7C1453D124882A6B00C48237 /* SettingsViewController.swift */ = {isa = PBXFileReference; lastKnownFileType = sourcecode.swift; path = SettingsViewController.swift; sourceTree = "<group>"; };
		7C1453D72489AC8800C48237 /* StationsMapViewController.swift */ = {isa = PBXFileReference; lastKnownFileType = sourcecode.swift; path = StationsMapViewController.swift; sourceTree = "<group>"; };
		7C177F48247DD4DE00D965EA /* Assets.xcassets */ = {isa = PBXFileReference; lastKnownFileType = folder.assetcatalog; path = Assets.xcassets; sourceTree = "<group>"; };
		7C7CEF29247472D2002E39D5 /* GUAM.jpg */ = {isa = PBXFileReference; lastKnownFileType = image.jpeg; path = GUAM.jpg; sourceTree = "<group>"; };
		7C7CEF2A247472D3002E39D5 /* COOK.jpg */ = {isa = PBXFileReference; lastKnownFileType = image.jpeg; path = COOK.jpg; sourceTree = "<group>"; };
		7C7CEF2B247472D3002E39D5 /* POGO.jpg */ = {isa = PBXFileReference; lastKnownFileType = image.jpeg; path = POGO.jpg; sourceTree = "<group>"; };
		7C7CEF2C247472D3002E39D5 /* REEF.jpg */ = {isa = PBXFileReference; lastKnownFileType = image.jpeg; path = REEF.jpg; sourceTree = "<group>"; };
		7C7CEF2D247472D3002E39D5 /* LION.jpg */ = {isa = PBXFileReference; lastKnownFileType = image.jpeg; path = LION.jpg; sourceTree = "<group>"; };
		7C7CEF2E247472D3002E39D5 /* BOSS.jpg */ = {isa = PBXFileReference; lastKnownFileType = image.jpeg; path = BOSS.jpg; sourceTree = "<group>"; };
		7C7CEF2F247472D3002E39D5 /* HULA.jpg */ = {isa = PBXFileReference; lastKnownFileType = image.jpeg; path = HULA.jpg; sourceTree = "<group>"; };
		7CA2FC6725225B0700963801 /* AstroSwiftFoundation */ = {isa = PBXFileReference; lastKnownFileType = folder; name = AstroSwiftFoundation; path = ../../AstroSwiftFoundation; sourceTree = "<group>"; };
		7CA6A4F8246357EA00177F87 /* Astro Stations.app */ = {isa = PBXFileReference; explicitFileType = wrapper.application; includeInIndex = 0; path = "Astro Stations.app"; sourceTree = BUILT_PRODUCTS_DIR; };
		7CA6A4FB246357EA00177F87 /* AppDelegate.swift */ = {isa = PBXFileReference; lastKnownFileType = sourcecode.swift; path = AppDelegate.swift; sourceTree = "<group>"; };
		7CA6A4FD246357EA00177F87 /* SceneDelegate.swift */ = {isa = PBXFileReference; lastKnownFileType = sourcecode.swift; path = SceneDelegate.swift; sourceTree = "<group>"; };
		7CA6A4FF246357EA00177F87 /* StationsTableViewController.swift */ = {isa = PBXFileReference; lastKnownFileType = sourcecode.swift; path = StationsTableViewController.swift; sourceTree = "<group>"; };
		7CA6A501246357EA00177F87 /* StationDetailViewController.swift */ = {isa = PBXFileReference; lastKnownFileType = sourcecode.swift; path = StationDetailViewController.swift; sourceTree = "<group>"; };
		7CA6A504246357EA00177F87 /* Base */ = {isa = PBXFileReference; lastKnownFileType = file.storyboard; name = Base; path = Base.lproj/Main.storyboard; sourceTree = "<group>"; };
		7CA6A509246357EB00177F87 /* Base */ = {isa = PBXFileReference; lastKnownFileType = file.storyboard; name = Base; path = Base.lproj/LaunchScreen.storyboard; sourceTree = "<group>"; };
		7CA6A50B246357EB00177F87 /* Info.plist */ = {isa = PBXFileReference; lastKnownFileType = text.plist.xml; path = Info.plist; sourceTree = "<group>"; };
		7CA81FB9246F3B0D000778A1 /* TrackingStation.swift */ = {isa = PBXFileReference; lastKnownFileType = sourcecode.swift; path = TrackingStation.swift; sourceTree = "<group>"; };
		7CA81FBB246F3C98000778A1 /* TrackingStations.swift */ = {isa = PBXFileReference; lastKnownFileType = sourcecode.swift; path = TrackingStations.swift; sourceTree = "<group>"; };
/* End PBXFileReference section */

/* Begin PBXFrameworksBuildPhase section */
		7CA6A4F5246357EA00177F87 /* Frameworks */ = {
			isa = PBXFrameworksBuildPhase;
			buildActionMask = 2147483647;
			files = (
				7CDE86712507EBFA00DBBEA5 /* AstroSwiftFoundation in Frameworks */,
			);
			runOnlyForDeploymentPostprocessing = 0;
		};
/* End PBXFrameworksBuildPhase section */

/* Begin PBXGroup section */
		7C7CEF37247472DF002E39D5 /* images */ = {
			isa = PBXGroup;
			children = (
				7C7CEF2E247472D3002E39D5 /* BOSS.jpg */,
				7C7CEF2A247472D3002E39D5 /* COOK.jpg */,
				7C7CEF29247472D2002E39D5 /* GUAM.jpg */,
				7C7CEF2F247472D3002E39D5 /* HULA.jpg */,
				7C7CEF2D247472D3002E39D5 /* LION.jpg */,
				7C7CEF2B247472D3002E39D5 /* POGO.jpg */,
				7C7CEF2C247472D3002E39D5 /* REEF.jpg */,
			);
			path = images;
			sourceTree = "<group>";
		};
		7CA6A4EF246357EA00177F87 = {
			isa = PBXGroup;
			children = (
				7CA6A4FA246357EA00177F87 /* Astro Stations */,
				7CA6A4F9246357EA00177F87 /* Products */,
			);
			sourceTree = "<group>";
		};
		7CA6A4F9246357EA00177F87 /* Products */ = {
			isa = PBXGroup;
			children = (
				7CA6A4F8246357EA00177F87 /* Astro Stations.app */,
			);
			name = Products;
			sourceTree = "<group>";
		};
		7CA6A4FA246357EA00177F87 /* Astro Stations */ = {
			isa = PBXGroup;
			children = (
				7CA6A4FB246357EA00177F87 /* AppDelegate.swift */,
				7CA6A4FD246357EA00177F87 /* SceneDelegate.swift */,
				7CA6A4FF246357EA00177F87 /* StationsTableViewController.swift */,
				7C1453D72489AC8800C48237 /* StationsMapViewController.swift */,
				7C12C7662481BB1F00DBEB1B /* StationTableViewCell.swift */,
				7CA6A501246357EA00177F87 /* StationDetailViewController.swift */,
				7C1453D124882A6B00C48237 /* SettingsViewController.swift */,
				7C0675782492C6F80076D0AC /* StationAnnotation.swift */,
				7CA81FBD246F3E63000778A1 /* Model */,
				7CA6A503246357EA00177F87 /* Main.storyboard */,
				7C177F48247DD4DE00D965EA /* Assets.xcassets */,
				7CA6A508246357EB00177F87 /* LaunchScreen.storyboard */,
				7CA6A50B246357EB00177F87 /* Info.plist */,
				7CA2FC6725225B0700963801 /* AstroSwiftFoundation */,
			);
			path = "Astro Stations";
			sourceTree = "<group>";
		};
		7CA81FBD246F3E63000778A1 /* Model */ = {
			isa = PBXGroup;
			children = (
				7C7CEF37247472DF002E39D5 /* images */,
				7CA81FBB246F3C98000778A1 /* TrackingStations.swift */,
				7CA81FB9246F3B0D000778A1 /* TrackingStation.swift */,
			);
			path = Model;
			sourceTree = "<group>";
		};
/* End PBXGroup section */

/* Begin PBXNativeTarget section */
		7CA6A4F7246357EA00177F87 /* Astro Stations */ = {
			isa = PBXNativeTarget;
			buildConfigurationList = 7CA6A50E246357EB00177F87 /* Build configuration list for PBXNativeTarget "Astro Stations" */;
			buildPhases = (
				7CA6A4F4246357EA00177F87 /* Sources */,
				7CA6A4F5246357EA00177F87 /* Frameworks */,
				7CA6A4F6246357EA00177F87 /* Resources */,
			);
			buildRules = (
			);
			dependencies = (
			);
			name = "Astro Stations";
			packageProductDependencies = (
				7CDE86702507EBFA00DBBEA5 /* AstroSwiftFoundation */,
			);
			productName = "Astro Mobile";
			productReference = 7CA6A4F8246357EA00177F87 /* Astro Stations.app */;
			productType = "com.apple.product-type.application";
		};
/* End PBXNativeTarget section */

/* Begin PBXProject section */
		7CA6A4F0246357EA00177F87 /* Project object */ = {
			isa = PBXProject;
			attributes = {
				LastSwiftUpdateCheck = 1140;
				LastUpgradeCheck = 1200;
				ORGANIZATIONNAME = "Rocket Communucations Inc.";
				TargetAttributes = {
					7CA6A4F7246357EA00177F87 = {
						CreatedOnToolsVersion = 11.4.1;
					};
				};
			};
			buildConfigurationList = 7CA6A4F3246357EA00177F87 /* Build configuration list for PBXProject "Astro Stations" */;
			compatibilityVersion = "Xcode 9.3";
			developmentRegion = en;
			hasScannedForEncodings = 0;
			knownRegions = (
				en,
				Base,
			);
			mainGroup = 7CA6A4EF246357EA00177F87;
			packageReferences = (
				7CDE866F2507EBFA00DBBEA5 /* XCRemoteSwiftPackageReference "AstroSwiftFoundation" */,
			);
			productRefGroup = 7CA6A4F9246357EA00177F87 /* Products */;
			projectDirPath = "";
			projectRoot = "";
			targets = (
				7CA6A4F7246357EA00177F87 /* Astro Stations */,
			);
		};
/* End PBXProject section */

/* Begin PBXResourcesBuildPhase section */
		7CA6A4F6246357EA00177F87 /* Resources */ = {
			isa = PBXResourcesBuildPhase;
			buildActionMask = 2147483647;
			files = (
				7CA6A50A246357EB00177F87 /* LaunchScreen.storyboard in Resources */,
				7C7CEF34247472D3002E39D5 /* LION.jpg in Resources */,
				7C7CEF35247472D3002E39D5 /* BOSS.jpg in Resources */,
				7C7CEF33247472D3002E39D5 /* REEF.jpg in Resources */,
				7C177F49247DD4DE00D965EA /* Assets.xcassets in Resources */,
				7C7CEF30247472D3002E39D5 /* GUAM.jpg in Resources */,
				7C7CEF31247472D3002E39D5 /* COOK.jpg in Resources */,
				7C7CEF32247472D3002E39D5 /* POGO.jpg in Resources */,
				7CA6A505246357EA00177F87 /* Main.storyboard in Resources */,
				7C7CEF36247472D3002E39D5 /* HULA.jpg in Resources */,
			);
			runOnlyForDeploymentPostprocessing = 0;
		};
/* End PBXResourcesBuildPhase section */

/* Begin PBXSourcesBuildPhase section */
		7CA6A4F4246357EA00177F87 /* Sources */ = {
			isa = PBXSourcesBuildPhase;
			buildActionMask = 2147483647;
			files = (
				7C225998246F45EA002C1848 /* TrackingStation.swift in Sources */,
				7C12C7672481BB1F00DBEB1B /* StationTableViewCell.swift in Sources */,
				7CA6A4FC246357EA00177F87 /* AppDelegate.swift in Sources */,
				7C0675792492C6F80076D0AC /* StationAnnotation.swift in Sources */,
				7CA6A4FE246357EA00177F87 /* SceneDelegate.swift in Sources */,
				7CA6A500246357EA00177F87 /* StationsTableViewController.swift in Sources */,
				7C1453D82489AC8800C48237 /* StationsMapViewController.swift in Sources */,
				7CA6A502246357EA00177F87 /* StationDetailViewController.swift in Sources */,
				7C225999246F45ED002C1848 /* TrackingStations.swift in Sources */,
				7C1453D224882A6B00C48237 /* SettingsViewController.swift in Sources */,
			);
			runOnlyForDeploymentPostprocessing = 0;
		};
/* End PBXSourcesBuildPhase section */

/* Begin PBXVariantGroup section */
		7CA6A503246357EA00177F87 /* Main.storyboard */ = {
			isa = PBXVariantGroup;
			children = (
				7CA6A504246357EA00177F87 /* Base */,
			);
			name = Main.storyboard;
			sourceTree = "<group>";
		};
		7CA6A508246357EB00177F87 /* LaunchScreen.storyboard */ = {
			isa = PBXVariantGroup;
			children = (
				7CA6A509246357EB00177F87 /* Base */,
			);
			name = LaunchScreen.storyboard;
			sourceTree = "<group>";
		};
/* End PBXVariantGroup section */

/* Begin XCBuildConfiguration section */
		7CA6A50C246357EB00177F87 /* Debug */ = {
			isa = XCBuildConfiguration;
			buildSettings = {
				ALWAYS_SEARCH_USER_PATHS = NO;
				CLANG_ANALYZER_NONNULL = YES;
				CLANG_ANALYZER_NUMBER_OBJECT_CONVERSION = YES_AGGRESSIVE;
				CLANG_CXX_LANGUAGE_STANDARD = "gnu++14";
				CLANG_CXX_LIBRARY = "libc++";
				CLANG_ENABLE_MODULES = YES;
				CLANG_ENABLE_OBJC_ARC = YES;
				CLANG_ENABLE_OBJC_WEAK = YES;
				CLANG_WARN_BLOCK_CAPTURE_AUTORELEASING = YES;
				CLANG_WARN_BOOL_CONVERSION = YES;
				CLANG_WARN_COMMA = YES;
				CLANG_WARN_CONSTANT_CONVERSION = YES;
				CLANG_WARN_DEPRECATED_OBJC_IMPLEMENTATIONS = YES;
				CLANG_WARN_DIRECT_OBJC_ISA_USAGE = YES_ERROR;
				CLANG_WARN_DOCUMENTATION_COMMENTS = YES;
				CLANG_WARN_EMPTY_BODY = YES;
				CLANG_WARN_ENUM_CONVERSION = YES;
				CLANG_WARN_INFINITE_RECURSION = YES;
				CLANG_WARN_INT_CONVERSION = YES;
				CLANG_WARN_NON_LITERAL_NULL_CONVERSION = YES;
				CLANG_WARN_OBJC_IMPLICIT_RETAIN_SELF = YES;
				CLANG_WARN_OBJC_LITERAL_CONVERSION = YES;
				CLANG_WARN_OBJC_ROOT_CLASS = YES_ERROR;
				CLANG_WARN_QUOTED_INCLUDE_IN_FRAMEWORK_HEADER = YES;
				CLANG_WARN_RANGE_LOOP_ANALYSIS = YES;
				CLANG_WARN_STRICT_PROTOTYPES = YES;
				CLANG_WARN_SUSPICIOUS_MOVE = YES;
				CLANG_WARN_UNGUARDED_AVAILABILITY = YES_AGGRESSIVE;
				CLANG_WARN_UNREACHABLE_CODE = YES;
				CLANG_WARN__DUPLICATE_METHOD_MATCH = YES;
				COPY_PHASE_STRIP = NO;
				DEBUG_INFORMATION_FORMAT = dwarf;
				ENABLE_STRICT_OBJC_MSGSEND = YES;
				ENABLE_TESTABILITY = YES;
				GCC_C_LANGUAGE_STANDARD = gnu11;
				GCC_DYNAMIC_NO_PIC = NO;
				GCC_NO_COMMON_BLOCKS = YES;
				GCC_OPTIMIZATION_LEVEL = 0;
				GCC_PREPROCESSOR_DEFINITIONS = (
					"DEBUG=1",
					"$(inherited)",
				);
				GCC_WARN_64_TO_32_BIT_CONVERSION = YES;
				GCC_WARN_ABOUT_RETURN_TYPE = YES_ERROR;
				GCC_WARN_UNDECLARED_SELECTOR = YES;
				GCC_WARN_UNINITIALIZED_AUTOS = YES_AGGRESSIVE;
				GCC_WARN_UNUSED_FUNCTION = YES;
				GCC_WARN_UNUSED_VARIABLE = YES;
				IPHONEOS_DEPLOYMENT_TARGET = 13.4;
				MTL_ENABLE_DEBUG_INFO = INCLUDE_SOURCE;
				MTL_FAST_MATH = YES;
				ONLY_ACTIVE_ARCH = YES;
				SDKROOT = iphoneos;
				SWIFT_ACTIVE_COMPILATION_CONDITIONS = DEBUG;
				SWIFT_OPTIMIZATION_LEVEL = "-Onone";
			};
			name = Debug;
		};
		7CA6A50D246357EB00177F87 /* Release */ = {
			isa = XCBuildConfiguration;
			buildSettings = {
				ALWAYS_SEARCH_USER_PATHS = NO;
				CLANG_ANALYZER_NONNULL = YES;
				CLANG_ANALYZER_NUMBER_OBJECT_CONVERSION = YES_AGGRESSIVE;
				CLANG_CXX_LANGUAGE_STANDARD = "gnu++14";
				CLANG_CXX_LIBRARY = "libc++";
				CLANG_ENABLE_MODULES = YES;
				CLANG_ENABLE_OBJC_ARC = YES;
				CLANG_ENABLE_OBJC_WEAK = YES;
				CLANG_WARN_BLOCK_CAPTURE_AUTORELEASING = YES;
				CLANG_WARN_BOOL_CONVERSION = YES;
				CLANG_WARN_COMMA = YES;
				CLANG_WARN_CONSTANT_CONVERSION = YES;
				CLANG_WARN_DEPRECATED_OBJC_IMPLEMENTATIONS = YES;
				CLANG_WARN_DIRECT_OBJC_ISA_USAGE = YES_ERROR;
				CLANG_WARN_DOCUMENTATION_COMMENTS = YES;
				CLANG_WARN_EMPTY_BODY = YES;
				CLANG_WARN_ENUM_CONVERSION = YES;
				CLANG_WARN_INFINITE_RECURSION = YES;
				CLANG_WARN_INT_CONVERSION = YES;
				CLANG_WARN_NON_LITERAL_NULL_CONVERSION = YES;
				CLANG_WARN_OBJC_IMPLICIT_RETAIN_SELF = YES;
				CLANG_WARN_OBJC_LITERAL_CONVERSION = YES;
				CLANG_WARN_OBJC_ROOT_CLASS = YES_ERROR;
				CLANG_WARN_QUOTED_INCLUDE_IN_FRAMEWORK_HEADER = YES;
				CLANG_WARN_RANGE_LOOP_ANALYSIS = YES;
				CLANG_WARN_STRICT_PROTOTYPES = YES;
				CLANG_WARN_SUSPICIOUS_MOVE = YES;
				CLANG_WARN_UNGUARDED_AVAILABILITY = YES_AGGRESSIVE;
				CLANG_WARN_UNREACHABLE_CODE = YES;
				CLANG_WARN__DUPLICATE_METHOD_MATCH = YES;
				COPY_PHASE_STRIP = NO;
				DEBUG_INFORMATION_FORMAT = "dwarf-with-dsym";
				ENABLE_NS_ASSERTIONS = NO;
				ENABLE_STRICT_OBJC_MSGSEND = YES;
				GCC_C_LANGUAGE_STANDARD = gnu11;
				GCC_NO_COMMON_BLOCKS = YES;
				GCC_WARN_64_TO_32_BIT_CONVERSION = YES;
				GCC_WARN_ABOUT_RETURN_TYPE = YES_ERROR;
				GCC_WARN_UNDECLARED_SELECTOR = YES;
				GCC_WARN_UNINITIALIZED_AUTOS = YES_AGGRESSIVE;
				GCC_WARN_UNUSED_FUNCTION = YES;
				GCC_WARN_UNUSED_VARIABLE = YES;
				IPHONEOS_DEPLOYMENT_TARGET = 13.4;
				MTL_ENABLE_DEBUG_INFO = NO;
				MTL_FAST_MATH = YES;
				SDKROOT = iphoneos;
				SWIFT_COMPILATION_MODE = wholemodule;
				SWIFT_OPTIMIZATION_LEVEL = "-O";
				VALIDATE_PRODUCT = YES;
			};
			name = Release;
		};
		7CA6A50F246357EB00177F87 /* Debug */ = {
			isa = XCBuildConfiguration;
			buildSettings = {
				ASSETCATALOG_COMPILER_APPICON_NAME = AppIcon;
				CODE_SIGN_STYLE = Automatic;
				DEVELOPMENT_TEAM = H4S8Z5V45T;
				INFOPLIST_FILE = "$(SRCROOT)/Astro Stations/Info.plist";
				LD_RUNPATH_SEARCH_PATHS = (
					"$(inherited)",
					"@executable_path/Frameworks",
				);
				PRODUCT_BUNDLE_IDENTIFIER = "com.rocketcom.Astro-Mobile-Demo";
				PRODUCT_NAME = "$(TARGET_NAME)";
				SWIFT_VERSION = 5.0;
				TARGETED_DEVICE_FAMILY = "1,2";
			};
			name = Debug;
		};
		7CA6A510246357EB00177F87 /* Release */ = {
			isa = XCBuildConfiguration;
			buildSettings = {
				ASSETCATALOG_COMPILER_APPICON_NAME = AppIcon;
				CODE_SIGN_STYLE = Automatic;
				DEVELOPMENT_TEAM = H4S8Z5V45T;
				INFOPLIST_FILE = "$(SRCROOT)/Astro Stations/Info.plist";
				LD_RUNPATH_SEARCH_PATHS = (
					"$(inherited)",
					"@executable_path/Frameworks",
				);
				PRODUCT_BUNDLE_IDENTIFIER = "com.rocketcom.Astro-Mobile-Demo";
				PRODUCT_NAME = "$(TARGET_NAME)";
				SWIFT_VERSION = 5.0;
				TARGETED_DEVICE_FAMILY = "1,2";
			};
			name = Release;
		};
/* End XCBuildConfiguration section */

/* Begin XCConfigurationList section */
		7CA6A4F3246357EA00177F87 /* Build configuration list for PBXProject "Astro Stations" */ = {
			isa = XCConfigurationList;
			buildConfigurations = (
				7CA6A50C246357EB00177F87 /* Debug */,
				7CA6A50D246357EB00177F87 /* Release */,
			);
			defaultConfigurationIsVisible = 0;
			defaultConfigurationName = Release;
		};
		7CA6A50E246357EB00177F87 /* Build configuration list for PBXNativeTarget "Astro Stations" */ = {
			isa = XCConfigurationList;
			buildConfigurations = (
				7CA6A50F246357EB00177F87 /* Debug */,
				7CA6A510246357EB00177F87 /* Release */,
			);
			defaultConfigurationIsVisible = 0;
			defaultConfigurationName = Release;
		};
/* End XCConfigurationList section */

/* Begin XCRemoteSwiftPackageReference section */
		7CDE866F2507EBFA00DBBEA5 /* XCRemoteSwiftPackageReference "AstroSwiftFoundation" */ = {
			isa = XCRemoteSwiftPackageReference;
			repositoryURL = "https://github.com/RocketCommunicationsInc/AstroSwiftFoundation.git";
			requirement = {
				kind = upToNextMajorVersion;
				minimumVersion = 1.0.0;
			};
		};
/* End XCRemoteSwiftPackageReference section */

/* Begin XCSwiftPackageProductDependency section */
		7CDE86702507EBFA00DBBEA5 /* AstroSwiftFoundation */ = {
			isa = XCSwiftPackageProductDependency;
			package = 7CDE866F2507EBFA00DBBEA5 /* XCRemoteSwiftPackageReference "AstroSwiftFoundation" */;
			productName = AstroSwiftFoundation;
		};
/* End XCSwiftPackageProductDependency section */
	};
	rootObject = 7CA6A4F0246357EA00177F87 /* Project object */;
}
