{
  "pins" : [
    {
      "identity" : "astroswiftfoundation",
      "kind" : "remoteSourceControl",
      "location" : "https://github.com/RocketCommunicationsInc/AstroSwiftFoundation.git",
      "state" : {
        "branch" : "Platform-43",
        "revision" : "f7c08fc875cd7f788ea015826caf3dd6d59bd5c4"
      }
    }
  ],
  "version" : 2
}
