{
  "pins" : [
    {
      "identity" : "astroswiftfoundation",
      "kind" : "remoteSourceControl",
      "location" : "https://github.com/RocketCommunicationsInc/AstroSwiftFoundation.git",
      "state" : {
        "revision" : "f071c518e86bdaf66e8debdc1ec56c84ff90e596",
        "version" : "1.1.0"
      }
    }
  ],
  "version" : 2
}
