{
  "pins" : [
    {
      "identity" : "astroswiftfoundation",
      "kind" : "remoteSourceControl",
      "location" : "https://github.com/RocketCommunicationsInc/AstroSwiftFoundation.git",
      "state" : {
        "branch" : "newSemanticColors",
        "revision" : "680c8a645e4b8d3ced11055d74bd376f1a3ad28b"
      }
    }
  ],
  "version" : 2
}
